
Microsoft Visual Studio Solution File, Format Version 12.00
# Visual Studio 16
Project("{FAE04EC0-301F-11D3-BF4B-00C04F79EFBC}") = "Assembly-CSharp", "Assembly-CSharp.csproj", "{7C93E178-319B-CABF-44A7-DD7A7ABB4C19}"
EndProject
Project("{FAE04EC0-301F-11D3-BF4B-00C04F79EFBC}") = "Assembly-CSharp-firstpass", "Assembly-CSharp-firstpass.csproj", "{69CC5FC7-CFFB-802A-A5A7-310A3A62B98A}"
EndProject
Global
	GlobalSection(SolutionConfigurationPlatforms) = preSolution
		Debug|Any CPU = Debug|Any CPU
		Release|Any CPU = Release|Any CPU
	EndGlobalSection
	GlobalSection(ProjectConfigurationPlatforms) = postSolution
		{7C93E178-319B-CABF-44A7-DD7A7ABB4C19}.Debug|Any CPU.ActiveCfg = Debug|Any CPU
		{7C93E178-319B-CABF-44A7-DD7A7ABB4C19}.Debug|Any CPU.Build.0 = Debug|Any CPU
		{7C93E178-319B-CABF-44A7-DD7A7ABB4C19}.Release|Any CPU.ActiveCfg = Release|Any CPU
		{7C93E178-319B-CABF-44A7-DD7A7ABB4C19}.Release|Any CPU.Build.0 = Release|Any CPU
		{69CC5FC7-CFFB-802A-A5A7-310A3A62B98A}.Debug|Any CPU.ActiveCfg = Debug|Any CPU
		{69CC5FC7-CFFB-802A-A5A7-310A3A62B98A}.Debug|Any CPU.Build.0 = Debug|Any CPU
		{69CC5FC7-CFFB-802A-A5A7-310A3A62B98A}.Release|Any CPU.ActiveCfg = Release|Any CPU
		{69CC5FC7-CFFB-802A-A5A7-310A3A62B98A}.Release|Any CPU.Build.0 = Release|Any CPU
	EndGlobalSection
	GlobalSection(SolutionProperties) = preSolution
		HideSolutionNode = FALSE
	EndGlobalSection
EndGlobal
